<Solution Description="Visual Studio slnx file generated by Premake" Version="1.4">
  <Configurations>
    <BuildType Name="Debug" />
    <BuildType Name="Release" />
    <BuildType Name="RelWithDebInfo" />
    <Platform Name="x64" />
  </Configurations>
  <Folder Name="/BHive/">
    <Project Path="BHive-Editor\BHive-Editor.vcxproj" Id="472F5C39-3392-EBDD-DC17-2494C859B760">
    </Project>
    <Project Path="BHive-Engine\BHive-Engine.vcxproj" Id="96DC0F3A-823F-9FDE-2BC5-D79417076B61">
    </Project>
    <Project Path="BHive-Runtime\BHive-Runtime.vcxproj" Id="64419975-D001-15AC-993C-5E2905BC5988" DefaultStartup="true">
    </Project>
  </Folder>
  <Folder Name="/Dependencies/">
    <Project Path="vendor\premake\Premake.vcxproj" Id="6ACC3F23-D6AB-BEBE-DFC3-49954B222520">
    </Project>
  </Folder>
</Solution>